
Microsoft Visual Studio Solution File, Format Version 12.00
# Visual Studio Version 16
VisualStudioVersion = 16.0.30717.126
MinimumVisualStudioVersion = 10.0.40219.1
Project("{2150E333-8FDC-42A3-9474-1A3956D46DE8}") = "src", "src", "{3DD0C686-BABB-4E44-AA9E-2324E6158152}"
EndProject
Project("{2150E333-8FDC-42A3-9474-1A3956D46DE8}") = "building blocks", "building blocks", "{22D8E2D9-DB33-4F98-8909-0401F3B72100}"
EndProject
Project("{2150E333-8FDC-42A3-9474-1A3956D46DE8}") = "services", "services", "{54EAB678-8648-4B87-BE9A-AAC5C8F51B1B}"
EndProject
Project("{2150E333-8FDC-42A3-9474-1A3956D46DE8}") = "web", "web", "{648ED3E6-38B4-46A8-BD5E-40F3F7A2A5A5}"
EndProject
Project("{2150E333-8FDC-42A3-9474-1A3956D46DE8}") = "Identity", "Identity", "{F430E548-8FB9-4D50-BFFC-8DC728AF6814}"
EndProject
Project("{FAE04EC0-301F-11D3-BF4B-00C04F79EFBC}") = "GeekStore.Identity.Api", "src\Services\GeekStore.Identity.Api\GeekStore.Identity.Api.csproj", "{CD8E0115-B005-40C8-9CC3-8C05C27C67B0}"
EndProject
Project("{2150E333-8FDC-42A3-9474-1A3956D46DE8}") = "MVC", "MVC", "{F0F7AE45-76DA-4A7E-A1E1-87585768D1AC}"
EndProject
Project("{FAE04EC0-301F-11D3-BF4B-00C04F79EFBC}") = "GeekStore.WebApp.MVC", "src\Web\GeekStore.WebApp.MVC\GeekStore.WebApp.MVC.csproj", "{966F1F10-2A7A-41C0-AD50-FA31529FF2C6}"
EndProject
Project("{2150E333-8FDC-42A3-9474-1A3956D46DE8}") = "Core", "Core", "{00D165DA-2BB5-443F-9C05-EA4A2394514B}"
EndProject
Project("{FAE04EC0-301F-11D3-BF4B-00C04F79EFBC}") = "GeekStore.Core", "src\Building Blocks\GeekStore.Core\GeekStore.Core.csproj", "{67A866AD-BD91-4EAC-A2E5-A7AD51BA798F}"
EndProject
Project("{2150E333-8FDC-42A3-9474-1A3956D46DE8}") = "Carrinho", "Carrinho", "{A77B4829-E8AB-444C-8785-6D4E90B1B0E3}"
EndProject
Project("{2150E333-8FDC-42A3-9474-1A3956D46DE8}") = "Catalogo", "Catalogo", "{34B7A5B0-AD4E-42CC-A825-2168BA529505}"
EndProject
Project("{2150E333-8FDC-42A3-9474-1A3956D46DE8}") = "Cliente", "Cliente", "{F3F4916D-B4E5-4B97-BDA5-87A259FADD38}"
EndProject
Project("{2150E333-8FDC-42A3-9474-1A3956D46DE8}") = "Pagamento", "Pagamento", "{EBBE7190-5F94-4200-8752-26437D6610A1}"
EndProject
Project("{2150E333-8FDC-42A3-9474-1A3956D46DE8}") = "Pedido", "Pedido", "{BC7F4BAF-683F-4B9E-B5C5-D627A5EA1F4D}"
EndProject
Project("{FAE04EC0-301F-11D3-BF4B-00C04F79EFBC}") = "GeekStore.Carrinho.Api", "src\Services\GeekStore.Carrinho.Api\GeekStore.Carrinho.Api.csproj", "{86320681-1762-4FAE-A981-B40507714B9F}"
EndProject
Project("{FAE04EC0-301F-11D3-BF4B-00C04F79EFBC}") = "GeekStore.Catalogo.Api", "src\Services\GeekStore.Catalogo.Api\GeekStore.Catalogo.Api.csproj", "{AE9EFFA2-591D-4B3C-880F-3C70354156D0}"
EndProject
Project("{FAE04EC0-301F-11D3-BF4B-00C04F79EFBC}") = "GeekStore.Cliente.Api", "src\Services\GeekStore.Cliente.Api\GeekStore.Cliente.Api.csproj", "{E9D0DDE1-CEA9-4483-A6FA-FDE738E0A3DF}"
EndProject
Project("{FAE04EC0-301F-11D3-BF4B-00C04F79EFBC}") = "GeekStore.Pagamento.Api", "src\Services\GeekStore.Pagamento.Api\GeekStore.Pagamento.Api.csproj", "{CC387588-8E1F-4903-AD0E-C7B01BBBC967}"
EndProject
Project("{FAE04EC0-301F-11D3-BF4B-00C04F79EFBC}") = "GeekStore.Pedido.Api", "src\Services\GeekStore.Pedido.Api\GeekStore.Pedido.Api.csproj", "{B0C4A430-1BBF-424B-9E98-39E455355C99}"
EndProject
Global
	GlobalSection(SolutionConfigurationPlatforms) = preSolution
		Debug|Any CPU = Debug|Any CPU
		Release|Any CPU = Release|Any CPU
	EndGlobalSection
	GlobalSection(ProjectConfigurationPlatforms) = postSolution
		{CD8E0115-B005-40C8-9CC3-8C05C27C67B0}.Debug|Any CPU.ActiveCfg = Debug|Any CPU
		{CD8E0115-B005-40C8-9CC3-8C05C27C67B0}.Debug|Any CPU.Build.0 = Debug|Any CPU
		{CD8E0115-B005-40C8-9CC3-8C05C27C67B0}.Release|Any CPU.ActiveCfg = Release|Any CPU
		{CD8E0115-B005-40C8-9CC3-8C05C27C67B0}.Release|Any CPU.Build.0 = Release|Any CPU
		{966F1F10-2A7A-41C0-AD50-FA31529FF2C6}.Debug|Any CPU.ActiveCfg = Debug|Any CPU
		{966F1F10-2A7A-41C0-AD50-FA31529FF2C6}.Debug|Any CPU.Build.0 = Debug|Any CPU
		{966F1F10-2A7A-41C0-AD50-FA31529FF2C6}.Release|Any CPU.ActiveCfg = Release|Any CPU
		{966F1F10-2A7A-41C0-AD50-FA31529FF2C6}.Release|Any CPU.Build.0 = Release|Any CPU
		{67A866AD-BD91-4EAC-A2E5-A7AD51BA798F}.Debug|Any CPU.ActiveCfg = Debug|Any CPU
		{67A866AD-BD91-4EAC-A2E5-A7AD51BA798F}.Debug|Any CPU.Build.0 = Debug|Any CPU
		{67A866AD-BD91-4EAC-A2E5-A7AD51BA798F}.Release|Any CPU.ActiveCfg = Release|Any CPU
		{67A866AD-BD91-4EAC-A2E5-A7AD51BA798F}.Release|Any CPU.Build.0 = Release|Any CPU
		{86320681-1762-4FAE-A981-B40507714B9F}.Debug|Any CPU.ActiveCfg = Debug|Any CPU
		{86320681-1762-4FAE-A981-B40507714B9F}.Debug|Any CPU.Build.0 = Debug|Any CPU
		{86320681-1762-4FAE-A981-B40507714B9F}.Release|Any CPU.ActiveCfg = Release|Any CPU
		{86320681-1762-4FAE-A981-B40507714B9F}.Release|Any CPU.Build.0 = Release|Any CPU
		{AE9EFFA2-591D-4B3C-880F-3C70354156D0}.Debug|Any CPU.ActiveCfg = Debug|Any CPU
		{AE9EFFA2-591D-4B3C-880F-3C70354156D0}.Debug|Any CPU.Build.0 = Debug|Any CPU
		{AE9EFFA2-591D-4B3C-880F-3C70354156D0}.Release|Any CPU.ActiveCfg = Release|Any CPU
		{AE9EFFA2-591D-4B3C-880F-3C70354156D0}.Release|Any CPU.Build.0 = Release|Any CPU
		{E9D0DDE1-CEA9-4483-A6FA-FDE738E0A3DF}.Debug|Any CPU.ActiveCfg = Debug|Any CPU
		{E9D0DDE1-CEA9-4483-A6FA-FDE738E0A3DF}.Debug|Any CPU.Build.0 = Debug|Any CPU
		{E9D0DDE1-CEA9-4483-A6FA-FDE738E0A3DF}.Release|Any CPU.ActiveCfg = Release|Any CPU
		{E9D0DDE1-CEA9-4483-A6FA-FDE738E0A3DF}.Release|Any CPU.Build.0 = Release|Any CPU
		{CC387588-8E1F-4903-AD0E-C7B01BBBC967}.Debug|Any CPU.ActiveCfg = Debug|Any CPU
		{CC387588-8E1F-4903-AD0E-C7B01BBBC967}.Debug|Any CPU.Build.0 = Debug|Any CPU
		{CC387588-8E1F-4903-AD0E-C7B01BBBC967}.Release|Any CPU.ActiveCfg = Release|Any CPU
		{CC387588-8E1F-4903-AD0E-C7B01BBBC967}.Release|Any CPU.Build.0 = Release|Any CPU
		{B0C4A430-1BBF-424B-9E98-39E455355C99}.Debug|Any CPU.ActiveCfg = Debug|Any CPU
		{B0C4A430-1BBF-424B-9E98-39E455355C99}.Debug|Any CPU.Build.0 = Debug|Any CPU
		{B0C4A430-1BBF-424B-9E98-39E455355C99}.Release|Any CPU.ActiveCfg = Release|Any CPU
		{B0C4A430-1BBF-424B-9E98-39E455355C99}.Release|Any CPU.Build.0 = Release|Any CPU
	EndGlobalSection
	GlobalSection(SolutionProperties) = preSolution
		HideSolutionNode = FALSE
	EndGlobalSection
	GlobalSection(NestedProjects) = preSolution
		{22D8E2D9-DB33-4F98-8909-0401F3B72100} = {3DD0C686-BABB-4E44-AA9E-2324E6158152}
		{54EAB678-8648-4B87-BE9A-AAC5C8F51B1B} = {3DD0C686-BABB-4E44-AA9E-2324E6158152}
		{648ED3E6-38B4-46A8-BD5E-40F3F7A2A5A5} = {3DD0C686-BABB-4E44-AA9E-2324E6158152}
		{F430E548-8FB9-4D50-BFFC-8DC728AF6814} = {54EAB678-8648-4B87-BE9A-AAC5C8F51B1B}
		{CD8E0115-B005-40C8-9CC3-8C05C27C67B0} = {F430E548-8FB9-4D50-BFFC-8DC728AF6814}
		{F0F7AE45-76DA-4A7E-A1E1-87585768D1AC} = {648ED3E6-38B4-46A8-BD5E-40F3F7A2A5A5}
		{966F1F10-2A7A-41C0-AD50-FA31529FF2C6} = {F0F7AE45-76DA-4A7E-A1E1-87585768D1AC}
		{00D165DA-2BB5-443F-9C05-EA4A2394514B} = {22D8E2D9-DB33-4F98-8909-0401F3B72100}
		{67A866AD-BD91-4EAC-A2E5-A7AD51BA798F} = {00D165DA-2BB5-443F-9C05-EA4A2394514B}
		{A77B4829-E8AB-444C-8785-6D4E90B1B0E3} = {54EAB678-8648-4B87-BE9A-AAC5C8F51B1B}
		{34B7A5B0-AD4E-42CC-A825-2168BA529505} = {54EAB678-8648-4B87-BE9A-AAC5C8F51B1B}
		{F3F4916D-B4E5-4B97-BDA5-87A259FADD38} = {54EAB678-8648-4B87-BE9A-AAC5C8F51B1B}
		{EBBE7190-5F94-4200-8752-26437D6610A1} = {54EAB678-8648-4B87-BE9A-AAC5C8F51B1B}
		{BC7F4BAF-683F-4B9E-B5C5-D627A5EA1F4D} = {54EAB678-8648-4B87-BE9A-AAC5C8F51B1B}
		{86320681-1762-4FAE-A981-B40507714B9F} = {A77B4829-E8AB-444C-8785-6D4E90B1B0E3}
		{AE9EFFA2-591D-4B3C-880F-3C70354156D0} = {34B7A5B0-AD4E-42CC-A825-2168BA529505}
		{E9D0DDE1-CEA9-4483-A6FA-FDE738E0A3DF} = {F3F4916D-B4E5-4B97-BDA5-87A259FADD38}
		{CC387588-8E1F-4903-AD0E-C7B01BBBC967} = {EBBE7190-5F94-4200-8752-26437D6610A1}
		{B0C4A430-1BBF-424B-9E98-39E455355C99} = {BC7F4BAF-683F-4B9E-B5C5-D627A5EA1F4D}
	EndGlobalSection
	GlobalSection(ExtensibilityGlobals) = postSolution
		SolutionGuid = {915C969B-2E42-488F-AFC4-02AFE233EC64}
	EndGlobalSection
EndGlobal
